PODS:
  - Alamofire (5.4.4)
  - Kingfisher (4.10.1)
  - SwiftHash (2.0.2)

DEPENDENCIES:
  - Alamofire (~> 5.4)
  - Kingfisher (~> 4.0)
  - SwiftHash

SPEC REPOS:
  trunk:
    - Alamofire
    - Kingfisher
    - SwiftHash

SPEC CHECKSUMS:
  Alamofire: f3b09a368f1582ab751b3fff5460276e0d2cf5c9
  Kingfisher: c148cd7b47ebde9989f6bc7c27dcaa79d81279a0
  SwiftHash: 6d312abe61c8359bdef8d0093642f3a70b1c17ba

PODFILE CHECKSUM: 1a16910a088c96805d2a24d42329774118e863aa

COCOAPODS: 1.11.2
